
Microsoft Visual Studio Solution File, Format Version 11.00
# Visual Studio 2010
Project("{FAE04EC0-301F-11D3-BF4B-00C04F79EFBC}") = "UI", "Tyrannosaurus\UI.csproj", "{8F9DFA5E-64B9-452E-9914-829B06A9F7BC}"
EndProject
Project("{FAE04EC0-301F-11D3-BF4B-00C04F79EFBC}") = "Tests", "Tyrannosaurus.Tests\Tests.csproj", "{2FDF89C7-0530-4DE8-875E-361F8E79579C}"
EndProject
Project("{FAE04EC0-301F-11D3-BF4B-00C04F79EFBC}") = "Core", "Core\Core.csproj", "{FA97F5D8-9241-406C-A64F-C7C2EBE02DA9}"
EndProject
Global
	GlobalSection(SolutionConfigurationPlatforms) = preSolution
		Debug|Any CPU = Debug|Any CPU
		Release|Any CPU = Release|Any CPU
	EndGlobalSection
	GlobalSection(ProjectConfigurationPlatforms) = postSolution
		{8F9DFA5E-64B9-452E-9914-829B06A9F7BC}.Debug|Any CPU.ActiveCfg = Debug|Any CPU
		{8F9DFA5E-64B9-452E-9914-829B06A9F7BC}.Debug|Any CPU.Build.0 = Debug|Any CPU
		{8F9DFA5E-64B9-452E-9914-829B06A9F7BC}.Release|Any CPU.ActiveCfg = Release|Any CPU
		{8F9DFA5E-64B9-452E-9914-829B06A9F7BC}.Release|Any CPU.Build.0 = Release|Any CPU
		{2FDF89C7-0530-4DE8-875E-361F8E79579C}.Debug|Any CPU.ActiveCfg = Debug|Any CPU
		{2FDF89C7-0530-4DE8-875E-361F8E79579C}.Debug|Any CPU.Build.0 = Debug|Any CPU
		{2FDF89C7-0530-4DE8-875E-361F8E79579C}.Release|Any CPU.ActiveCfg = Release|Any CPU
		{2FDF89C7-0530-4DE8-875E-361F8E79579C}.Release|Any CPU.Build.0 = Release|Any CPU
		{FA97F5D8-9241-406C-A64F-C7C2EBE02DA9}.Debug|Any CPU.ActiveCfg = Debug|Any CPU
		{FA97F5D8-9241-406C-A64F-C7C2EBE02DA9}.Debug|Any CPU.Build.0 = Debug|Any CPU
		{FA97F5D8-9241-406C-A64F-C7C2EBE02DA9}.Release|Any CPU.ActiveCfg = Release|Any CPU
		{FA97F5D8-9241-406C-A64F-C7C2EBE02DA9}.Release|Any CPU.Build.0 = Release|Any CPU
	EndGlobalSection
	GlobalSection(SolutionProperties) = preSolution
		HideSolutionNode = FALSE
	EndGlobalSection
EndGlobal
